
Microsoft Visual Studio Solution File, Format Version 12.00
Project("{FAE04EC0-301F-11D3-BF4B-00C04F79EFBC}") = "Server", "Server\Server.csproj", "{31431EF6-601D-46F6-8852-8A5FB5D6E2A6}"
EndProject
Global
	GlobalSection(SolutionConfigurationPlatforms) = preSolution
		Debug|Any CPU = Debug|Any CPU
		Release|Any CPU = Release|Any CPU
	EndGlobalSection
	GlobalSection(ProjectConfigurationPlatforms) = postSolution
		{31431EF6-601D-46F6-8852-8A5FB5D6E2A6}.Debug|Any CPU.ActiveCfg = Debug|Any CPU
		{31431EF6-601D-46F6-8852-8A5FB5D6E2A6}.Debug|Any CPU.Build.0 = Debug|Any CPU
		{31431EF6-601D-46F6-8852-8A5FB5D6E2A6}.Release|Any CPU.ActiveCfg = Release|Any CPU
		{31431EF6-601D-46F6-8852-8A5FB5D6E2A6}.Release|Any CPU.Build.0 = Release|Any CPU
	EndGlobalSection
EndGlobal
